
Microsoft Visual Studio Solution File, Format Version 12.00
# Visual Studio Version 16
VisualStudioVersion = 16.0.31019.35
MinimumVisualStudioVersion = 10.0.40219.1
Project("{FAE04EC0-301F-11D3-BF4B-00C04F79EFBC}") = "Singleton", "Singleton\Singleton.csproj", "{8A61ADB5-6C2D-44D8-9071-BD7BA58ACBDB}"
EndProject
Global
	GlobalSection(SolutionConfigurationPlatforms) = preSolution
		Debug|Any CPU = Debug|Any CPU
		Release|Any CPU = Release|Any CPU
	EndGlobalSection
	GlobalSection(ProjectConfigurationPlatforms) = postSolution
		{8A61ADB5-6C2D-44D8-9071-BD7BA58ACBDB}.Debug|Any CPU.ActiveCfg = Debug|Any CPU
		{8A61ADB5-6C2D-44D8-9071-BD7BA58ACBDB}.Debug|Any CPU.Build.0 = Debug|Any CPU
		{8A61ADB5-6C2D-44D8-9071-BD7BA58ACBDB}.Release|Any CPU.ActiveCfg = Release|Any CPU
		{8A61ADB5-6C2D-44D8-9071-BD7BA58ACBDB}.Release|Any CPU.Build.0 = Release|Any CPU
	EndGlobalSection
	GlobalSection(SolutionProperties) = preSolution
		HideSolutionNode = FALSE
	EndGlobalSection
	GlobalSection(ExtensibilityGlobals) = postSolution
		SolutionGuid = {18B98BEB-E61C-47EF-9D4C-B0474FB3EDA4}
	EndGlobalSection
EndGlobal
